{
  "nodes": {
    "aihero-skills": {
      "flake": false,
      "locked": {
        "lastModified": 1786611981,
        "narHash": "sha256-jsXcMkhu15MxR0zXnLLJeni0q0Aew2UxUSojl6zmOvg=",
        "owner": "mattpocock",
        "repo": "skills",
        "rev": "8b78b531ab965735c5dc74f6f7a219e1e37326df",
        "type": "github"
      },
      "original": {
        "owner": "mattpocock",
        "repo": "skills",
        "rev": "8b78b531ab965735c5dc74f6f7a219e1e37326df",
        "type": "github"
      }
    },
    "nixpkgs": {
      "locked": {
        "lastModified": 1786599213,
        "narHash": "sha256-yNJd40f11EzXBjSByCB7IPpeFFAdeoSKKM67dGkfFoU=",
        "owner": "NixOS",
        "repo": "nixpkgs",
        "rev": "0e251e24a4f24e036a084b6b4b2d2491af4167f4",
        "type": "github"
      },
      "original": {
        "owner": "NixOS",
        "ref": "nixos-unstable",
        "repo": "nixpkgs",
        "type": "github"
      }
    },
    "root": {
      "inputs": {
        "aihero-skills": "aihero-skills",
        "nixpkgs": "nixpkgs"
      }
    }
  },
  "root": "root",
  "version": 7
}
